// !$*UTF8*$!
{
	archiveVersion = 1;
	classes = {
	};
	objectVersion = 56;
	objects = {

/* Begin PBXBuildFile section */
		AE0850C42A4FA76A005B1E0A /* binarygap.swift in Sources */ = {isa = PBXBuildFile; fileRef = AE0850C32A4FA76A005B1E0A /* binarygap.swift */; };
		AE0850C62A4FBA79005B1E0A /* 대충 만든 자판.swift in Sources */ = {isa = PBXBuildFile; fileRef = AE0850C52A4FBA79005B1E0A /* 대충 만든 자판.swift */; };
		AE0850C82A504306005B1E0A /* 예산.swift in Sources */ = {isa = PBXBuildFile; fileRef = AE0850C72A504306005B1E0A /* 예산.swift */; };
		AE0850CA2A5050FE005B1E0A /* 소수만들기.swift in Sources */ = {isa = PBXBuildFile; fileRef = AE0850C92A5050FE005B1E0A /* 소수만들기.swift */; };
		AE1AEA672A48815500D0B81B /* k번째수.swift in Sources */ = {isa = PBXBuildFile; fileRef = AE1AEA662A48815500D0B81B /* k번째수.swift */; };
		AE1AEA692A488D2400D0B81B /* 숫자 문자열과 영단어.swift in Sources */ = {isa = PBXBuildFile; fileRef = AE1AEA682A488D2400D0B81B /* 숫자 문자열과 영단어.swift */; };
		AE1AEA6B2A489B1D00D0B81B /* 최소직사각형.swift in Sources */ = {isa = PBXBuildFile; fileRef = AE1AEA6A2A489B1D00D0B81B /* 최소직사각형.swift */; };
		AE1DA6292A5105BE00BED959 /* 과일 장수.swift in Sources */ = {isa = PBXBuildFile; fileRef = AE1DA6282A5105BE00BED959 /* 과일 장수.swift */; };
		AE1DA62B2A51167500BED959 /* 문자열 나누기.swift in Sources */ = {isa = PBXBuildFile; fileRef = AE1DA62A2A51167500BED959 /* 문자열 나누기.swift */; };
		AE1DA62D2A511F1B00BED959 /* 옹알이.swift in Sources */ = {isa = PBXBuildFile; fileRef = AE1DA62C2A511F1B00BED959 /* 옹알이.swift */; };
		AE1DA66F2A524DE200BED959 /* 삼총사.swift in Sources */ = {isa = PBXBuildFile; fileRef = AE1DA66E2A524DE200BED959 /* 삼총사.swift */; };
		AE1DA6712A52507000BED959 /* 콜라츠 추측.swift in Sources */ = {isa = PBXBuildFile; fileRef = AE1DA6702A52507000BED959 /* 콜라츠 추측.swift */; };
		AE1DA6732A5253EF00BED959 /* 정수 제곱근 판별.swift in Sources */ = {isa = PBXBuildFile; fileRef = AE1DA6722A5253EF00BED959 /* 정수 제곱근 판별.swift */; };
		AE1DA6752A52551D00BED959 /* 나머지가 1이 되는 수 찾기.swift in Sources */ = {isa = PBXBuildFile; fileRef = AE1DA6742A52551D00BED959 /* 나머지가 1이 되는 수 찾기.swift */; };
		AE7BEB9F2A4C6F5D00310CC4 /* 음양 더하기.swift in Sources */ = {isa = PBXBuildFile; fileRef = AE7BEB9E2A4C6F5D00310CC4 /* 음양 더하기.swift */; };
		AE7BEBA12A4C70BC00310CC4 /* 두 개 뽑아서 더하기.swift in Sources */ = {isa = PBXBuildFile; fileRef = AE7BEBA02A4C70BC00310CC4 /* 두 개 뽑아서 더하기.swift */; };
		AE84A5D52A41321E00566499 /* 배열조각.swift in Sources */ = {isa = PBXBuildFile; fileRef = AE84A5D42A41321E00566499 /* 배열조각.swift */; };
		AE84A5E52A414E9A00566499 /* 주사위 게임 3.swift in Sources */ = {isa = PBXBuildFile; fileRef = AE84A5E42A414E9A00566499 /* 주사위 게임 3.swift */; };
		AE84A5E72A416FC600566499 /* 마지막 두 원소.swift in Sources */ = {isa = PBXBuildFile; fileRef = AE84A5E62A416FC600566499 /* 마지막 두 원소.swift */; };
		AEB7C9622A52F7F300021A9C /* 달리기 경주.swift in Sources */ = {isa = PBXBuildFile; fileRef = AEB7C9612A52F7F300021A9C /* 달리기 경주.swift */; };
		AEB7C9642A53F3EF00021A9C /* 햄버거 만들기.swift in Sources */ = {isa = PBXBuildFile; fileRef = AEB7C9632A53F3EF00021A9C /* 햄버거 만들기.swift */; };
		AED3267C2A41AC7D00328532 /* 빈 배열에 추가, 삭제하기.swift in Sources */ = {isa = PBXBuildFile; fileRef = AED3267B2A41AC7D00328532 /* 빈 배열에 추가, 삭제하기.swift */; };
		AED3267E2A41B60800328532 /* 배열의 원소만큼 추가하기.swift in Sources */ = {isa = PBXBuildFile; fileRef = AED3267D2A41B60800328532 /* 배열의 원소만큼 추가하기.swift */; };
		AED326802A41B81600328532 /* 문자열 바꿔서 찾기.swift in Sources */ = {isa = PBXBuildFile; fileRef = AED3267F2A41B81600328532 /* 문자열 바꿔서 찾기.swift */; };
		AED326822A41CD3700328532 /* 글자 이어 붙여 문자열 만들기.swift in Sources */ = {isa = PBXBuildFile; fileRef = AED326812A41CD3700328532 /* 글자 이어 붙여 문자열 만들기.swift */; };
		AED326842A41F1CA00328532 /* 세로 읽기.swift in Sources */ = {isa = PBXBuildFile; fileRef = AED326832A41F1CA00328532 /* 세로 읽기.swift */; };
		AED326862A41F7E900328532 /* 문자열이 몇 번 등장하는지 세기.swift in Sources */ = {isa = PBXBuildFile; fileRef = AED326852A41F7E900328532 /* 문자열이 몇 번 등장하는지 세기.swift */; };
		AED326882A42CFC100328532 /* 홀수 vs 짝수.swift in Sources */ = {isa = PBXBuildFile; fileRef = AED326872A42CFC100328532 /* 홀수 vs 짝수.swift */; };
		AED3268A2A42DCCB00328532 /* 왼쪽 오른쪽.swift in Sources */ = {isa = PBXBuildFile; fileRef = AED326892A42DCCB00328532 /* 왼쪽 오른쪽.swift */; };
		AEF46C072A56ACD10010D3C5 /* 수박.swift in Sources */ = {isa = PBXBuildFile; fileRef = AEF46C062A56ACD10010D3C5 /* 수박.swift */; };
		AEF46C092A56D2AB0010D3C5 /* 시저 암호.swift in Sources */ = {isa = PBXBuildFile; fileRef = AEF46C082A56D2AB0010D3C5 /* 시저 암호.swift */; };
		AEF46C0B2A5839E60010D3C5 /* 둘만의 암호.swift in Sources */ = {isa = PBXBuildFile; fileRef = AEF46C0A2A5839E60010D3C5 /* 둘만의 암호.swift */; };
/* End PBXBuildFile section */

/* Begin PBXCopyFilesBuildPhase section */
		AE84A5CF2A41321E00566499 /* CopyFiles */ = {
			isa = PBXCopyFilesBuildPhase;
			buildActionMask = 2147483647;
			dstPath = /usr/share/man/man1/;
			dstSubfolderSpec = 0;
			files = (
			);
			runOnlyForDeploymentPostprocessing = 1;
		};
/* End PBXCopyFilesBuildPhase section */

/* Begin PBXFileReference section */
		AE0850C32A4FA76A005B1E0A /* binarygap.swift */ = {isa = PBXFileReference; lastKnownFileType = sourcecode.swift; path = binarygap.swift; sourceTree = "<group>"; };
		AE0850C52A4FBA79005B1E0A /* 대충 만든 자판.swift */ = {isa = PBXFileReference; lastKnownFileType = sourcecode.swift; path = "대충 만든 자판.swift"; sourceTree = "<group>"; };
		AE0850C72A504306005B1E0A /* 예산.swift */ = {isa = PBXFileReference; lastKnownFileType = sourcecode.swift; path = "예산.swift"; sourceTree = "<group>"; };
		AE0850C92A5050FE005B1E0A /* 소수만들기.swift */ = {isa = PBXFileReference; lastKnownFileType = sourcecode.swift; path = "소수만들기.swift"; sourceTree = "<group>"; };
		AE1AEA662A48815500D0B81B /* k번째수.swift */ = {isa = PBXFileReference; lastKnownFileType = sourcecode.swift; path = "k번째수.swift"; sourceTree = "<group>"; };
		AE1AEA682A488D2400D0B81B /* 숫자 문자열과 영단어.swift */ = {isa = PBXFileReference; lastKnownFileType = sourcecode.swift; path = "숫자 문자열과 영단어.swift"; sourceTree = "<group>"; };
		AE1AEA6A2A489B1D00D0B81B /* 최소직사각형.swift */ = {isa = PBXFileReference; lastKnownFileType = sourcecode.swift; path = "최소직사각형.swift"; sourceTree = "<group>"; };
		AE1DA6282A5105BE00BED959 /* 과일 장수.swift */ = {isa = PBXFileReference; lastKnownFileType = sourcecode.swift; path = "과일 장수.swift"; sourceTree = "<group>"; };
		AE1DA62A2A51167500BED959 /* 문자열 나누기.swift */ = {isa = PBXFileReference; lastKnownFileType = sourcecode.swift; path = "문자열 나누기.swift"; sourceTree = "<group>"; };
		AE1DA62C2A511F1B00BED959 /* 옹알이.swift */ = {isa = PBXFileReference; lastKnownFileType = sourcecode.swift; path = "옹알이.swift"; sourceTree = "<group>"; };
		AE1DA66E2A524DE200BED959 /* 삼총사.swift */ = {isa = PBXFileReference; lastKnownFileType = sourcecode.swift; path = "삼총사.swift"; sourceTree = "<group>"; };
		AE1DA6702A52507000BED959 /* 콜라츠 추측.swift */ = {isa = PBXFileReference; lastKnownFileType = sourcecode.swift; path = "콜라츠 추측.swift"; sourceTree = "<group>"; };
		AE1DA6722A5253EF00BED959 /* 정수 제곱근 판별.swift */ = {isa = PBXFileReference; lastKnownFileType = sourcecode.swift; path = "정수 제곱근 판별.swift"; sourceTree = "<group>"; };
		AE1DA6742A52551D00BED959 /* 나머지가 1이 되는 수 찾기.swift */ = {isa = PBXFileReference; lastKnownFileType = sourcecode.swift; path = "나머지가 1이 되는 수 찾기.swift"; sourceTree = "<group>"; };
		AE7BEB9E2A4C6F5D00310CC4 /* 음양 더하기.swift */ = {isa = PBXFileReference; lastKnownFileType = sourcecode.swift; path = "음양 더하기.swift"; sourceTree = "<group>"; };
		AE7BEBA02A4C70BC00310CC4 /* 두 개 뽑아서 더하기.swift */ = {isa = PBXFileReference; lastKnownFileType = sourcecode.swift; path = "두 개 뽑아서 더하기.swift"; sourceTree = "<group>"; };
		AE84A5D12A41321E00566499 /* swift_algorithm */ = {isa = PBXFileReference; explicitFileType = "compiled.mach-o.executable"; includeInIndex = 0; path = swift_algorithm; sourceTree = BUILT_PRODUCTS_DIR; };
		AE84A5D42A41321E00566499 /* 배열조각.swift */ = {isa = PBXFileReference; lastKnownFileType = sourcecode.swift; path = "배열조각.swift"; sourceTree = "<group>"; };
		AE84A5E42A414E9A00566499 /* 주사위 게임 3.swift */ = {isa = PBXFileReference; lastKnownFileType = sourcecode.swift; path = "주사위 게임 3.swift"; sourceTree = "<group>"; };
		AE84A5E62A416FC600566499 /* 마지막 두 원소.swift */ = {isa = PBXFileReference; lastKnownFileType = sourcecode.swift; path = "마지막 두 원소.swift"; sourceTree = "<group>"; };
		AEB7C9612A52F7F300021A9C /* 달리기 경주.swift */ = {isa = PBXFileReference; lastKnownFileType = sourcecode.swift; path = "달리기 경주.swift"; sourceTree = "<group>"; };
		AEB7C9632A53F3EF00021A9C /* 햄버거 만들기.swift */ = {isa = PBXFileReference; lastKnownFileType = sourcecode.swift; path = "햄버거 만들기.swift"; sourceTree = "<group>"; };
		AED3267B2A41AC7D00328532 /* 빈 배열에 추가, 삭제하기.swift */ = {isa = PBXFileReference; lastKnownFileType = sourcecode.swift; path = "빈 배열에 추가, 삭제하기.swift"; sourceTree = "<group>"; };
		AED3267D2A41B60800328532 /* 배열의 원소만큼 추가하기.swift */ = {isa = PBXFileReference; lastKnownFileType = sourcecode.swift; path = "배열의 원소만큼 추가하기.swift"; sourceTree = "<group>"; };
		AED3267F2A41B81600328532 /* 문자열 바꿔서 찾기.swift */ = {isa = PBXFileReference; lastKnownFileType = sourcecode.swift; path = "문자열 바꿔서 찾기.swift"; sourceTree = "<group>"; };
		AED326812A41CD3700328532 /* 글자 이어 붙여 문자열 만들기.swift */ = {isa = PBXFileReference; lastKnownFileType = sourcecode.swift; path = "글자 이어 붙여 문자열 만들기.swift"; sourceTree = "<group>"; };
		AED326832A41F1CA00328532 /* 세로 읽기.swift */ = {isa = PBXFileReference; lastKnownFileType = sourcecode.swift; path = "세로 읽기.swift"; sourceTree = "<group>"; };
		AED326852A41F7E900328532 /* 문자열이 몇 번 등장하는지 세기.swift */ = {isa = PBXFileReference; lastKnownFileType = sourcecode.swift; path = "문자열이 몇 번 등장하는지 세기.swift"; sourceTree = "<group>"; };
		AED326872A42CFC100328532 /* 홀수 vs 짝수.swift */ = {isa = PBXFileReference; lastKnownFileType = sourcecode.swift; path = "홀수 vs 짝수.swift"; sourceTree = "<group>"; };
		AED326892A42DCCB00328532 /* 왼쪽 오른쪽.swift */ = {isa = PBXFileReference; lastKnownFileType = sourcecode.swift; path = "왼쪽 오른쪽.swift"; sourceTree = "<group>"; };
		AEF46C062A56ACD10010D3C5 /* 수박.swift */ = {isa = PBXFileReference; lastKnownFileType = sourcecode.swift; path = "수박.swift"; sourceTree = "<group>"; };
		AEF46C082A56D2AB0010D3C5 /* 시저 암호.swift */ = {isa = PBXFileReference; lastKnownFileType = sourcecode.swift; path = "시저 암호.swift"; sourceTree = "<group>"; };
		AEF46C0A2A5839E60010D3C5 /* 둘만의 암호.swift */ = {isa = PBXFileReference; lastKnownFileType = sourcecode.swift; path = "둘만의 암호.swift"; sourceTree = "<group>"; };
/* End PBXFileReference section */

/* Begin PBXFrameworksBuildPhase section */
		AE84A5CE2A41321E00566499 /* Frameworks */ = {
			isa = PBXFrameworksBuildPhase;
			buildActionMask = 2147483647;
			files = (
			);
			runOnlyForDeploymentPostprocessing = 0;
		};
/* End PBXFrameworksBuildPhase section */

/* Begin PBXGroup section */
		AE84A5C82A41321E00566499 = {
			isa = PBXGroup;
			children = (
				AE84A5D32A41321E00566499 /* swift_algorithm */,
				AE84A5D22A41321E00566499 /* Products */,
			);
			sourceTree = "<group>";
		};
		AE84A5D22A41321E00566499 /* Products */ = {
			isa = PBXGroup;
			children = (
				AE84A5D12A41321E00566499 /* swift_algorithm */,
			);
			name = Products;
			sourceTree = "<group>";
		};
		AE84A5D32A41321E00566499 /* swift_algorithm */ = {
			isa = PBXGroup;
			children = (
				AE84A5D42A41321E00566499 /* 배열조각.swift */,
				AE84A5E42A414E9A00566499 /* 주사위 게임 3.swift */,
				AE84A5E62A416FC600566499 /* 마지막 두 원소.swift */,
				AED3267B2A41AC7D00328532 /* 빈 배열에 추가, 삭제하기.swift */,
				AED3267D2A41B60800328532 /* 배열의 원소만큼 추가하기.swift */,
				AED3267F2A41B81600328532 /* 문자열 바꿔서 찾기.swift */,
				AED326812A41CD3700328532 /* 글자 이어 붙여 문자열 만들기.swift */,
				AED326832A41F1CA00328532 /* 세로 읽기.swift */,
				AED326852A41F7E900328532 /* 문자열이 몇 번 등장하는지 세기.swift */,
				AED326872A42CFC100328532 /* 홀수 vs 짝수.swift */,
				AED326892A42DCCB00328532 /* 왼쪽 오른쪽.swift */,
				AE1AEA662A48815500D0B81B /* k번째수.swift */,
				AE1AEA682A488D2400D0B81B /* 숫자 문자열과 영단어.swift */,
				AE1AEA6A2A489B1D00D0B81B /* 최소직사각형.swift */,
				AE7BEB9E2A4C6F5D00310CC4 /* 음양 더하기.swift */,
				AE7BEBA02A4C70BC00310CC4 /* 두 개 뽑아서 더하기.swift */,
				AE0850C32A4FA76A005B1E0A /* binarygap.swift */,
				AE0850C52A4FBA79005B1E0A /* 대충 만든 자판.swift */,
				AE0850C72A504306005B1E0A /* 예산.swift */,
				AE0850C92A5050FE005B1E0A /* 소수만들기.swift */,
				AE1DA6282A5105BE00BED959 /* 과일 장수.swift */,
				AE1DA62A2A51167500BED959 /* 문자열 나누기.swift */,
				AE1DA62C2A511F1B00BED959 /* 옹알이.swift */,
				AE1DA66E2A524DE200BED959 /* 삼총사.swift */,
				AE1DA6702A52507000BED959 /* 콜라츠 추측.swift */,
				AE1DA6722A5253EF00BED959 /* 정수 제곱근 판별.swift */,
				AE1DA6742A52551D00BED959 /* 나머지가 1이 되는 수 찾기.swift */,
				AEB7C9612A52F7F300021A9C /* 달리기 경주.swift */,
				AEB7C9632A53F3EF00021A9C /* 햄버거 만들기.swift */,
				AEF46C062A56ACD10010D3C5 /* 수박.swift */,
				AEF46C082A56D2AB0010D3C5 /* 시저 암호.swift */,
				AEF46C0A2A5839E60010D3C5 /* 둘만의 암호.swift */,
			);
			path = swift_algorithm;
			sourceTree = "<group>";
		};
/* End PBXGroup section */

/* Begin PBXNativeTarget section */
		AE84A5D02A41321E00566499 /* swift_algorithm */ = {
			isa = PBXNativeTarget;
			buildConfigurationList = AE84A5D82A41321E00566499 /* Build configuration list for PBXNativeTarget "swift_algorithm" */;
			buildPhases = (
				AE84A5CD2A41321E00566499 /* Sources */,
				AE84A5CE2A41321E00566499 /* Frameworks */,
				AE84A5CF2A41321E00566499 /* CopyFiles */,
			);
			buildRules = (
			);
			dependencies = (
			);
			name = swift_algorithm;
			productName = swift_algorithm;
			productReference = AE84A5D12A41321E00566499 /* swift_algorithm */;
			productType = "com.apple.product-type.tool";
		};
/* End PBXNativeTarget section */

/* Begin PBXProject section */
		AE84A5C92A41321E00566499 /* Project object */ = {
			isa = PBXProject;
			attributes = {
				BuildIndependentTargetsInParallel = 1;
				LastSwiftUpdateCheck = 1430;
				LastUpgradeCheck = 1430;
				TargetAttributes = {
					AE84A5D02A41321E00566499 = {
						CreatedOnToolsVersion = 14.3.1;
					};
				};
			};
			buildConfigurationList = AE84A5CC2A41321E00566499 /* Build configuration list for PBXProject "swift_algorithm" */;
			compatibilityVersion = "Xcode 14.0";
			developmentRegion = en;
			hasScannedForEncodings = 0;
			knownRegions = (
				en,
				Base,
			);
			mainGroup = AE84A5C82A41321E00566499;
			productRefGroup = AE84A5D22A41321E00566499 /* Products */;
			projectDirPath = "";
			projectRoot = "";
			targets = (
				AE84A5D02A41321E00566499 /* swift_algorithm */,
			);
		};
/* End PBXProject section */

/* Begin PBXSourcesBuildPhase section */
		AE84A5CD2A41321E00566499 /* Sources */ = {
			isa = PBXSourcesBuildPhase;
			buildActionMask = 2147483647;
			files = (
				AE84A5E72A416FC600566499 /* 마지막 두 원소.swift in Sources */,
				AE1AEA6B2A489B1D00D0B81B /* 최소직사각형.swift in Sources */,
				AEB7C9642A53F3EF00021A9C /* 햄버거 만들기.swift in Sources */,
				AE1DA62D2A511F1B00BED959 /* 옹알이.swift in Sources */,
				AED3267C2A41AC7D00328532 /* 빈 배열에 추가, 삭제하기.swift in Sources */,
				AED326882A42CFC100328532 /* 홀수 vs 짝수.swift in Sources */,
				AEB7C9622A52F7F300021A9C /* 달리기 경주.swift in Sources */,
				AE1DA6732A5253EF00BED959 /* 정수 제곱근 판별.swift in Sources */,
				AE1DA6752A52551D00BED959 /* 나머지가 1이 되는 수 찾기.swift in Sources */,
				AED326802A41B81600328532 /* 문자열 바꿔서 찾기.swift in Sources */,
				AE1DA62B2A51167500BED959 /* 문자열 나누기.swift in Sources */,
				AE1DA66F2A524DE200BED959 /* 삼총사.swift in Sources */,
				AE1AEA692A488D2400D0B81B /* 숫자 문자열과 영단어.swift in Sources */,
				AE0850CA2A5050FE005B1E0A /* 소수만들기.swift in Sources */,
				AE1DA6712A52507000BED959 /* 콜라츠 추측.swift in Sources */,
				AEF46C072A56ACD10010D3C5 /* 수박.swift in Sources */,
				AED326822A41CD3700328532 /* 글자 이어 붙여 문자열 만들기.swift in Sources */,
				AE0850C62A4FBA79005B1E0A /* 대충 만든 자판.swift in Sources */,
				AE1AEA672A48815500D0B81B /* k번째수.swift in Sources */,
				AED326862A41F7E900328532 /* 문자열이 몇 번 등장하는지 세기.swift in Sources */,
				AED3267E2A41B60800328532 /* 배열의 원소만큼 추가하기.swift in Sources */,
				AED326842A41F1CA00328532 /* 세로 읽기.swift in Sources */,
				AE1DA6292A5105BE00BED959 /* 과일 장수.swift in Sources */,
				AE7BEBA12A4C70BC00310CC4 /* 두 개 뽑아서 더하기.swift in Sources */,
				AEF46C092A56D2AB0010D3C5 /* 시저 암호.swift in Sources */,
				AE84A5E52A414E9A00566499 /* 주사위 게임 3.swift in Sources */,
				AE0850C42A4FA76A005B1E0A /* binarygap.swift in Sources */,
				AE84A5D52A41321E00566499 /* 배열조각.swift in Sources */,
				AED3268A2A42DCCB00328532 /* 왼쪽 오른쪽.swift in Sources */,
				AE7BEB9F2A4C6F5D00310CC4 /* 음양 더하기.swift in Sources */,
				AEF46C0B2A5839E60010D3C5 /* 둘만의 암호.swift in Sources */,
				AE0850C82A504306005B1E0A /* 예산.swift in Sources */,
			);
			runOnlyForDeploymentPostprocessing = 0;
		};
/* End PBXSourcesBuildPhase section */

/* Begin XCBuildConfiguration section */
		AE84A5D62A41321E00566499 /* Debug */ = {
			isa = XCBuildConfiguration;
			buildSettings = {
				ALWAYS_SEARCH_USER_PATHS = NO;
				CLANG_ANALYZER_NONNULL = YES;
				CLANG_ANALYZER_NUMBER_OBJECT_CONVERSION = YES_AGGRESSIVE;
				CLANG_CXX_LANGUAGE_STANDARD = "gnu++20";
				CLANG_ENABLE_MODULES = YES;
				CLANG_ENABLE_OBJC_ARC = YES;
				CLANG_ENABLE_OBJC_WEAK = YES;
				CLANG_WARN_BLOCK_CAPTURE_AUTORELEASING = YES;
				CLANG_WARN_BOOL_CONVERSION = YES;
				CLANG_WARN_COMMA = YES;
				CLANG_WARN_CONSTANT_CONVERSION = YES;
				CLANG_WARN_DEPRECATED_OBJC_IMPLEMENTATIONS = YES;
				CLANG_WARN_DIRECT_OBJC_ISA_USAGE = YES_ERROR;
				CLANG_WARN_DOCUMENTATION_COMMENTS = YES;
				CLANG_WARN_EMPTY_BODY = YES;
				CLANG_WARN_ENUM_CONVERSION = YES;
				CLANG_WARN_INFINITE_RECURSION = YES;
				CLANG_WARN_INT_CONVERSION = YES;
				CLANG_WARN_NON_LITERAL_NULL_CONVERSION = YES;
				CLANG_WARN_OBJC_IMPLICIT_RETAIN_SELF = YES;
				CLANG_WARN_OBJC_LITERAL_CONVERSION = YES;
				CLANG_WARN_OBJC_ROOT_CLASS = YES_ERROR;
				CLANG_WARN_QUOTED_INCLUDE_IN_FRAMEWORK_HEADER = YES;
				CLANG_WARN_RANGE_LOOP_ANALYSIS = YES;
				CLANG_WARN_STRICT_PROTOTYPES = YES;
				CLANG_WARN_SUSPICIOUS_MOVE = YES;
				CLANG_WARN_UNGUARDED_AVAILABILITY = YES_AGGRESSIVE;
				CLANG_WARN_UNREACHABLE_CODE = YES;
				CLANG_WARN__DUPLICATE_METHOD_MATCH = YES;
				COPY_PHASE_STRIP = NO;
				DEBUG_INFORMATION_FORMAT = dwarf;
				ENABLE_STRICT_OBJC_MSGSEND = YES;
				ENABLE_TESTABILITY = YES;
				GCC_C_LANGUAGE_STANDARD = gnu11;
				GCC_DYNAMIC_NO_PIC = NO;
				GCC_NO_COMMON_BLOCKS = YES;
				GCC_OPTIMIZATION_LEVEL = 0;
				GCC_PREPROCESSOR_DEFINITIONS = (
					"DEBUG=1",
					"$(inherited)",
				);
				GCC_WARN_64_TO_32_BIT_CONVERSION = YES;
				GCC_WARN_ABOUT_RETURN_TYPE = YES_ERROR;
				GCC_WARN_UNDECLARED_SELECTOR = YES;
				GCC_WARN_UNINITIALIZED_AUTOS = YES_AGGRESSIVE;
				GCC_WARN_UNUSED_FUNCTION = YES;
				GCC_WARN_UNUSED_VARIABLE = YES;
				MACOSX_DEPLOYMENT_TARGET = 13.3;
				MTL_ENABLE_DEBUG_INFO = INCLUDE_SOURCE;
				MTL_FAST_MATH = YES;
				ONLY_ACTIVE_ARCH = YES;
				SDKROOT = macosx;
				SWIFT_ACTIVE_COMPILATION_CONDITIONS = DEBUG;
				SWIFT_OPTIMIZATION_LEVEL = "-Onone";
			};
			name = Debug;
		};
		AE84A5D72A41321E00566499 /* Release */ = {
			isa = XCBuildConfiguration;
			buildSettings = {
				ALWAYS_SEARCH_USER_PATHS = NO;
				CLANG_ANALYZER_NONNULL = YES;
				CLANG_ANALYZER_NUMBER_OBJECT_CONVERSION = YES_AGGRESSIVE;
				CLANG_CXX_LANGUAGE_STANDARD = "gnu++20";
				CLANG_ENABLE_MODULES = YES;
				CLANG_ENABLE_OBJC_ARC = YES;
				CLANG_ENABLE_OBJC_WEAK = YES;
				CLANG_WARN_BLOCK_CAPTURE_AUTORELEASING = YES;
				CLANG_WARN_BOOL_CONVERSION = YES;
				CLANG_WARN_COMMA = YES;
				CLANG_WARN_CONSTANT_CONVERSION = YES;
				CLANG_WARN_DEPRECATED_OBJC_IMPLEMENTATIONS = YES;
				CLANG_WARN_DIRECT_OBJC_ISA_USAGE = YES_ERROR;
				CLANG_WARN_DOCUMENTATION_COMMENTS = YES;
				CLANG_WARN_EMPTY_BODY = YES;
				CLANG_WARN_ENUM_CONVERSION = YES;
				CLANG_WARN_INFINITE_RECURSION = YES;
				CLANG_WARN_INT_CONVERSION = YES;
				CLANG_WARN_NON_LITERAL_NULL_CONVERSION = YES;
				CLANG_WARN_OBJC_IMPLICIT_RETAIN_SELF = YES;
				CLANG_WARN_OBJC_LITERAL_CONVERSION = YES;
				CLANG_WARN_OBJC_ROOT_CLASS = YES_ERROR;
				CLANG_WARN_QUOTED_INCLUDE_IN_FRAMEWORK_HEADER = YES;
				CLANG_WARN_RANGE_LOOP_ANALYSIS = YES;
				CLANG_WARN_STRICT_PROTOTYPES = YES;
				CLANG_WARN_SUSPICIOUS_MOVE = YES;
				CLANG_WARN_UNGUARDED_AVAILABILITY = YES_AGGRESSIVE;
				CLANG_WARN_UNREACHABLE_CODE = YES;
				CLANG_WARN__DUPLICATE_METHOD_MATCH = YES;
				COPY_PHASE_STRIP = NO;
				DEBUG_INFORMATION_FORMAT = "dwarf-with-dsym";
				ENABLE_NS_ASSERTIONS = NO;
				ENABLE_STRICT_OBJC_MSGSEND = YES;
				GCC_C_LANGUAGE_STANDARD = gnu11;
				GCC_NO_COMMON_BLOCKS = YES;
				GCC_WARN_64_TO_32_BIT_CONVERSION = YES;
				GCC_WARN_ABOUT_RETURN_TYPE = YES_ERROR;
				GCC_WARN_UNDECLARED_SELECTOR = YES;
				GCC_WARN_UNINITIALIZED_AUTOS = YES_AGGRESSIVE;
				GCC_WARN_UNUSED_FUNCTION = YES;
				GCC_WARN_UNUSED_VARIABLE = YES;
				MACOSX_DEPLOYMENT_TARGET = 13.3;
				MTL_ENABLE_DEBUG_INFO = NO;
				MTL_FAST_MATH = YES;
				SDKROOT = macosx;
				SWIFT_COMPILATION_MODE = wholemodule;
				SWIFT_OPTIMIZATION_LEVEL = "-O";
			};
			name = Release;
		};
		AE84A5D92A41321E00566499 /* Debug */ = {
			isa = XCBuildConfiguration;
			buildSettings = {
				CODE_SIGN_STYLE = Automatic;
				PRODUCT_NAME = "$(TARGET_NAME)";
				SWIFT_VERSION = 5.0;
			};
			name = Debug;
		};
		AE84A5DA2A41321E00566499 /* Release */ = {
			isa = XCBuildConfiguration;
			buildSettings = {
				CODE_SIGN_STYLE = Automatic;
				PRODUCT_NAME = "$(TARGET_NAME)";
				SWIFT_VERSION = 5.0;
			};
			name = Release;
		};
/* End XCBuildConfiguration section */

/* Begin XCConfigurationList section */
		AE84A5CC2A41321E00566499 /* Build configuration list for PBXProject "swift_algorithm" */ = {
			isa = XCConfigurationList;
			buildConfigurations = (
				AE84A5D62A41321E00566499 /* Debug */,
				AE84A5D72A41321E00566499 /* Release */,
			);
			defaultConfigurationIsVisible = 0;
			defaultConfigurationName = Release;
		};
		AE84A5D82A41321E00566499 /* Build configuration list for PBXNativeTarget "swift_algorithm" */ = {
			isa = XCConfigurationList;
			buildConfigurations = (
				AE84A5D92A41321E00566499 /* Debug */,
				AE84A5DA2A41321E00566499 /* Release */,
			);
			defaultConfigurationIsVisible = 0;
			defaultConfigurationName = Release;
		};
/* End XCConfigurationList section */
	};
	rootObject = AE84A5C92A41321E00566499 /* Project object */;
}
